
Microsoft Visual Studio Solution File, Format Version 12.00
# Visual Studio Version 17
VisualStudioVersion = 17.4.33122.133
MinimumVisualStudioVersion = 10.0.40219.1
Project("{FAE04EC0-301F-11D3-BF4B-00C04F79EFBC}") = "Screean_Server", "Screean_Server\Screean_Server.csproj", "{377E904C-EC8D-4F26-A14C-5E084BABC59B}"
EndProject
Global
	GlobalSection(SolutionConfigurationPlatforms) = preSolution
		Debug|Any CPU = Debug|Any CPU
		Release|Any CPU = Release|Any CPU
	EndGlobalSection
	GlobalSection(ProjectConfigurationPlatforms) = postSolution
		{377E904C-EC8D-4F26-A14C-5E084BABC59B}.Debug|Any CPU.ActiveCfg = Debug|Any CPU
		{377E904C-EC8D-4F26-A14C-5E084BABC59B}.Debug|Any CPU.Build.0 = Debug|Any CPU
		{377E904C-EC8D-4F26-A14C-5E084BABC59B}.Release|Any CPU.ActiveCfg = Release|Any CPU
		{377E904C-EC8D-4F26-A14C-5E084BABC59B}.Release|Any CPU.Build.0 = Release|Any CPU
	EndGlobalSection
	GlobalSection(SolutionProperties) = preSolution
		HideSolutionNode = FALSE
	EndGlobalSection
	GlobalSection(ExtensibilityGlobals) = postSolution
		SolutionGuid = {E313BE77-7B6C-4F4C-9BC6-223BCB06BACB}
	EndGlobalSection
EndGlobal
